<?xml version="1.0" encoding="utf-8"?>
<Project ToolsVersion="4.0" xmlns="http://schemas.microsoft.com/developer/msbuild/2003">
  <ItemGroup>
    <Filter Include="Source Files">
      <UniqueIdentifier>{4FC737F1-C7A5-4376-A066-2A32D752A2FF}</UniqueIdentifier>
      <Extensions>cpp;c;cc;cxx;c++;cppm;ixx;def;odl;idl;hpj;bat;asm;asmx</Extensions>
    </Filter>
    <Filter Include="Header Files">
      <UniqueIdentifier>{93995380-89BD-4b04-88EB-625FBE52EBFB}</UniqueIdentifier>
      <Extensions>h;hh;hpp;hxx;h++;hm;inl;inc;ipp;xsd</Extensions>
    </Filter>
    <Filter Include="Resource Files">
      <UniqueIdentifier>{67DA6AB6-F800-4c08-8B7A-83BB121AAD01}</UniqueIdentifier>
      <Extensions>rc;ico;cur;bmp;dlg;rc2;rct;bin;rgs;gif;jpg;jpeg;jpe;resx;tiff;tif;png;wav;mfcribbon-ms</Extensions>
    </Filter>
    <Filter Include="Libraries">
      <UniqueIdentifier>{011fa84a-d240-447e-8e73-9b521770a076}</UniqueIdentifier>
    </Filter>
  </ItemGroup>
  <ItemGroup>
    <ClCompile Include="main.cpp">
      <Filter>Source Files</Filter>
    </ClCompile>
    <ClCompile Include="Libraries\raylib-imgui-compat\rlImGui.cpp">
      <Filter>Source Files</Filter>
    </ClCompile>
    <ClCompile Include="Imports\common.cpp">
      <Filter>Source Files</Filter>
    </ClCompile>
    <ClCompile Include="Libraries\imgui\imgui.cpp">
      <Filter>Source Files</Filter>
    </ClCompile>
    <ClCompile Include="Libraries\imgui\imgui_demo.cpp">
      <Filter>Source Files</Filter>
    </ClCompile>
    <ClCompile Include="Libraries\imgui\imgui_draw.cpp">
      <Filter>Source Files</Filter>
    </ClCompile>
    <ClCompile Include="Libraries\imgui\imgui_impl_glfw.cpp">
      <Filter>Source Files</Filter>
    </ClCompile>
    <ClCompile Include="Libraries\imgui\imgui_impl_opengl3.cpp">
      <Filter>Source Files</Filter>
    </ClCompile>
    <ClCompile Include="Libraries\imgui\imgui_impl_win32.cpp">
      <Filter>Source Files</Filter>
    </ClCompile>
    <ClCompile Include="Libraries\imgui\imgui_tables.cpp">
      <Filter>Source Files</Filter>
    </ClCompile>
    <ClCompile Include="Libraries\imgui\imgui_widgets.cpp">
      <Filter>Source Files</Filter>
    </ClCompile>
    <ClCompile Include="Utils\Logger\Logger.cpp">
      <Filter>Source Files</Filter>
    </ClCompile>
    <ClCompile Include="Game\Game.cpp">
      <Filter>Source Files</Filter>
    </ClCompile>
    <ClCompile Include="Game\State\GameState.cpp">
      <Filter>Source Files</Filter>
    </ClCompile>
    <ClCompile Include="Game\State\GameStateManager.cpp">
      <Filter>Source Files</Filter>
    </ClCompile>
    <ClCompile Include="Game\State\Instances\MainMenu.cpp">
      <Filter>Source Files</Filter>
    </ClCompile>
    <ClCompile Include="Game\State\Instances\Settings.cpp">
      <Filter>Source Files</Filter>
    </ClCompile>
    <ClCompile Include="Utils\UI.cpp">
      <Filter>Source Files</Filter>
    </ClCompile>
    <ClCompile Include="Game\State\Instances\Join.cpp">
      <Filter>Source Files</Filter>
    </ClCompile>
    <ClCompile Include="Game\State\Instances\Host.cpp">
      <Filter>Source Files</Filter>
    </ClCompile>
    <ClCompile Include="Networking\Packet\PacketRegistry.cpp">
      <Filter>Source Files</Filter>
    </ClCompile>
    <ClCompile Include="Networking\Packet\Packet.cpp">
      <Filter>Source Files</Filter>
    </ClCompile>
    <ClCompile Include="Networking\Client\ClientPeerlist.cpp">
      <Filter>Source Files</Filter>
    </ClCompile>
    <ClCompile Include="Networking\NetworkUser.cpp">
      <Filter>Source Files</Filter>
    </ClCompile>
    <ClCompile Include="Networking\Server\ServerPeerlist.cpp">
      <Filter>Source Files</Filter>
    </ClCompile>
    <ClCompile Include="Networking\Packet\PacketRegistryInit.cpp">
      <Filter>Source Files</Filter>
    </ClCompile>
    <ClCompile Include="Game\State\Instances\Lobby.cpp">
      <Filter>Source Files</Filter>
    </ClCompile>
    <ClCompile Include="Networking\Server\Server.cpp">
      <Filter>Source Files</Filter>
    </ClCompile>
    <ClCompile Include="Networking\Client\Client.cpp">
      <Filter>Source Files</Filter>
    </ClCompile>
    <ClCompile Include="Game\World\Entities\Player.cpp">
      <Filter>Source Files</Filter>
    </ClCompile>
    <ClCompile Include="Game\State\Instances\World.cpp">
      <Filter>Source Files</Filter>
    </ClCompile>
    <ClCompile Include="Utils\Input.cpp">
      <Filter>Source Files</Filter>
    </ClCompile>
    <ClCompile Include="Game\World\Entities\ObjectTransform.cpp">
      <Filter>Source Files</Filter>
    </ClCompile>
    <ClCompile Include="Game\World\Assets\AssetMap.cpp">
      <Filter>Source Files</Filter>
    </ClCompile>
    <ClCompile Include="Game\World\Assets\AssetModel.cpp">
      <Filter>Source Files</Filter>
    </ClCompile>
    <ClCompile Include="Game\World\Assets\AssetImage.cpp">
      <Filter>Source Files</Filter>
    </ClCompile>
    <ClCompile Include="Game\World\Assets\AssetSound.cpp">
      <Filter>Source Files</Filter>
    </ClCompile>
    <ClCompile Include="Game\World\Assets\AssetImageModel.cpp">
      <Filter>Source Files</Filter>
    </ClCompile>
    <ClCompile Include="Game\World\Entities\Object.cpp">
      <Filter>Source Files</Filter>
    </ClCompile>
    <ClCompile Include="Game\World\Managers\ServerWorldManager.cpp">
      <Filter>Source Files</Filter>
    </ClCompile>
    <ClCompile Include="Game\World\Managers\ClientWorldManager.cpp">
      <Filter>Source Files</Filter>
    </ClCompile>
    <ClCompile Include="Game\World\Managers\PhysicsManager.cpp">
      <Filter>Source Files</Filter>
    </ClCompile>
    <ClCompile Include="Game\World\Entities\Enemy.cpp">
      <Filter>Source Files</Filter>
    </ClCompile>
    <ClCompile Include="Game\World\Entities\Inventory.cpp">
      <Filter>Source Files</Filter>
    </ClCompile>
    <ClCompile Include="Game\World\Systems\ItemGenerator.cpp">
      <Filter>Source Files</Filter>
    </ClCompile>
    <ClCompile Include="Game\World\Systems\LevelGenerator.cpp">
      <Filter>Source Files</Filter>
    </ClCompile>
  </ItemGroup>
  <ItemGroup>
    <ClInclude Include="Libraries\enet\enet.h">
      <Filter>Header Files</Filter>
    </ClInclude>
    <ClInclude Include="Libraries\raylib-cpp\AudioDevice.hpp">
      <Filter>Header Files</Filter>
    </ClInclude>
    <ClInclude Include="Libraries\raylib-cpp\AudioStream.hpp">
      <Filter>Header Files</Filter>
    </ClInclude>
    <ClInclude Include="Libraries\raylib-cpp\AutomationEventList.hpp">
      <Filter>Header Files</Filter>
    </ClInclude>
    <ClInclude Include="Libraries\raylib-cpp\BoundingBox.hpp">
      <Filter>Header Files</Filter>
    </ClInclude>
    <ClInclude Include="Libraries\raylib-cpp\Camera2D.hpp">
      <Filter>Header Files</Filter>
    </ClInclude>
    <ClInclude Include="Libraries\raylib-cpp\Camera3D.hpp">
      <Filter>Header Files</Filter>
    </ClInclude>
    <ClInclude Include="Libraries\raylib-cpp\Color.hpp">
      <Filter>Header Files</Filter>
    </ClInclude>
    <ClInclude Include="Libraries\raylib-cpp\FileData.hpp">
      <Filter>Header Files</Filter>
    </ClInclude>
    <ClInclude Include="Libraries\raylib-cpp\FileText.hpp">
      <Filter>Header Files</Filter>
    </ClInclude>
    <ClInclude Include="Libraries\raylib-cpp\Font.hpp">
      <Filter>Header Files</Filter>
    </ClInclude>
    <ClInclude Include="Libraries\raylib-cpp\Functions.hpp">
      <Filter>Header Files</Filter>
    </ClInclude>
    <ClInclude Include="Libraries\raylib-cpp\Gamepad.hpp">
      <Filter>Header Files</Filter>
    </ClInclude>
    <ClInclude Include="Libraries\raylib-cpp\Image.hpp">
      <Filter>Header Files</Filter>
    </ClInclude>
    <ClInclude Include="Libraries\raylib-cpp\Keyboard.hpp">
      <Filter>Header Files</Filter>
    </ClInclude>
    <ClInclude Include="Libraries\raylib-cpp\Material.hpp">
      <Filter>Header Files</Filter>
    </ClInclude>
    <ClInclude Include="Libraries\raylib-cpp\Matrix.hpp">
      <Filter>Header Files</Filter>
    </ClInclude>
    <ClInclude Include="Libraries\raylib-cpp\Mesh.hpp">
      <Filter>Header Files</Filter>
    </ClInclude>
    <ClInclude Include="Libraries\raylib-cpp\MeshUnmanaged.hpp">
      <Filter>Header Files</Filter>
    </ClInclude>
    <ClInclude Include="Libraries\raylib-cpp\Model.hpp">
      <Filter>Header Files</Filter>
    </ClInclude>
    <ClInclude Include="Libraries\raylib-cpp\ModelAnimation.hpp">
      <Filter>Header Files</Filter>
    </ClInclude>
    <ClInclude Include="Libraries\raylib-cpp\Mouse.hpp">
      <Filter>Header Files</Filter>
    </ClInclude>
    <ClInclude Include="Libraries\raylib-cpp\Music.hpp">
      <Filter>Header Files</Filter>
    </ClInclude>
    <ClInclude Include="Libraries\raylib-cpp\Ray.hpp">
      <Filter>Header Files</Filter>
    </ClInclude>
    <ClInclude Include="Libraries\raylib-cpp\RayCollision.hpp">
      <Filter>Header Files</Filter>
    </ClInclude>
    <ClInclude Include="Libraries\raylib-cpp\raylib.hpp">
      <Filter>Header Files</Filter>
    </ClInclude>
    <ClInclude Include="Libraries\raylib-cpp\raylib-cpp.hpp">
      <Filter>Header Files</Filter>
    </ClInclude>
    <ClInclude Include="Libraries\raylib-cpp\raylib-cpp-utils.hpp">
      <Filter>Header Files</Filter>
    </ClInclude>
    <ClInclude Include="Libraries\raylib-cpp\RaylibException.hpp">
      <Filter>Header Files</Filter>
    </ClInclude>
    <ClInclude Include="Libraries\raylib-cpp\raymath.hpp">
      <Filter>Header Files</Filter>
    </ClInclude>
    <ClInclude Include="Libraries\raylib-cpp\Rectangle.hpp">
      <Filter>Header Files</Filter>
    </ClInclude>
    <ClInclude Include="Libraries\raylib-cpp\RenderTexture.hpp">
      <Filter>Header Files</Filter>
    </ClInclude>
    <ClInclude Include="Libraries\raylib-cpp\Shader.hpp">
      <Filter>Header Files</Filter>
    </ClInclude>
    <ClInclude Include="Libraries\raylib-cpp\ShaderUnmanaged.hpp">
      <Filter>Header Files</Filter>
    </ClInclude>
    <ClInclude Include="Libraries\raylib-cpp\Sound.hpp">
      <Filter>Header Files</Filter>
    </ClInclude>
    <ClInclude Include="Libraries\raylib-cpp\Text.hpp">
      <Filter>Header Files</Filter>
    </ClInclude>
    <ClInclude Include="Libraries\raylib-cpp\Texture.hpp">
      <Filter>Header Files</Filter>
    </ClInclude>
    <ClInclude Include="Libraries\raylib-cpp\TextureUnmanaged.hpp">
      <Filter>Header Files</Filter>
    </ClInclude>
    <ClInclude Include="Libraries\raylib-cpp\Touch.hpp">
      <Filter>Header Files</Filter>
    </ClInclude>
    <ClInclude Include="Libraries\raylib-cpp\Vector2.hpp">
      <Filter>Header Files</Filter>
    </ClInclude>
    <ClInclude Include="Libraries\raylib-cpp\Vector3.hpp">
      <Filter>Header Files</Filter>
    </ClInclude>
    <ClInclude Include="Libraries\raylib-cpp\Vector4.hpp">
      <Filter>Header Files</Filter>
    </ClInclude>
    <ClInclude Include="Libraries\raylib-cpp\VrStereoConfig.hpp">
      <Filter>Header Files</Filter>
    </ClInclude>
    <ClInclude Include="Libraries\raylib-cpp\Wave.hpp">
      <Filter>Header Files</Filter>
    </ClInclude>
    <ClInclude Include="Libraries\raylib-cpp\Window.hpp">
      <Filter>Header Files</Filter>
    </ClInclude>
    <ClInclude Include="Libraries\raylib-imgui-compat\imgui_impl_raylib.h">
      <Filter>Header Files</Filter>
    </ClInclude>
    <ClInclude Include="Libraries\raylib-imgui-compat\rlImGui.h">
      <Filter>Header Files</Filter>
    </ClInclude>
    <ClInclude Include="Libraries\raylib-imgui-compat\rlImGuiColors.h">
      <Filter>Header Files</Filter>
    </ClInclude>
    <ClInclude Include="Imports\common.h">
      <Filter>Header Files</Filter>
    </ClInclude>
    <ClInclude Include="Libraries\raylib-imgui-compat\extras\FA6FreeSolidFontData.h">
      <Filter>Header Files</Filter>
    </ClInclude>
    <ClInclude Include="Libraries\raylib-imgui-compat\extras\IconsFontAwesome6.h">
      <Filter>Header Files</Filter>
    </ClInclude>
    <ClInclude Include="Libraries\imgui\imconfig.h">
      <Filter>Header Files</Filter>
    </ClInclude>
    <ClInclude Include="Libraries\imgui\imgui.h">
      <Filter>Header Files</Filter>
    </ClInclude>
    <ClInclude Include="Libraries\imgui\imgui_impl_glfw.h">
      <Filter>Header Files</Filter>
    </ClInclude>
    <ClInclude Include="Libraries\imgui\imgui_impl_opengl3.h">
      <Filter>Header Files</Filter>
    </ClInclude>
    <ClInclude Include="Libraries\imgui\imgui_impl_opengl3_loader.h">
      <Filter>Header Files</Filter>
    </ClInclude>
    <ClInclude Include="Libraries\imgui\imgui_impl_win32.h">
      <Filter>Header Files</Filter>
    </ClInclude>
    <ClInclude Include="Libraries\imgui\imgui_internal.h">
      <Filter>Header Files</Filter>
    </ClInclude>
    <ClInclude Include="Libraries\imgui\imstb_rectpack.h">
      <Filter>Header Files</Filter>
    </ClInclude>
    <ClInclude Include="Libraries\imgui\imstb_textedit.h">
      <Filter>Header Files</Filter>
    </ClInclude>
    <ClInclude Include="Libraries\imgui\imstb_truetype.h">
      <Filter>Header Files</Filter>
    </ClInclude>
    <ClInclude Include="Utils\Logger\Logger.h">
      <Filter>Header Files</Filter>
    </ClInclude>
    <ClInclude Include="Game\Game.h">
      <Filter>Header Files</Filter>
    </ClInclude>
    <ClInclude Include="Game\State\GameState.h">
      <Filter>Header Files</Filter>
    </ClInclude>
    <ClInclude Include="Game\State\GameStateManager.h">
      <Filter>Header Files</Filter>
    </ClInclude>
    <ClInclude Include="Game\State\Instances\MainMenu.h">
      <Filter>Header Files</Filter>
    </ClInclude>
    <ClInclude Include="Game\State\Instances\Settings.h">
      <Filter>Header Files</Filter>
    </ClInclude>
    <ClInclude Include="Game\State\Instances\Host.h">
      <Filter>Header Files</Filter>
    </ClInclude>
    <ClInclude Include="Game\State\Instances\Join.h">
      <Filter>Header Files</Filter>
    </ClInclude>
    <ClInclude Include="Utils\UI.h">
      <Filter>Header Files</Filter>
    </ClInclude>
    <ClInclude Include="Networking\Packet\Packet.h">
      <Filter>Header Files</Filter>
    </ClInclude>
    <ClInclude Include="Utils\NetUtils.h">
      <Filter>Header Files</Filter>
    </ClInclude>
    <ClInclude Include="Networking\Packet\PacketRegistry.h">
      <Filter>Header Files</Filter>
    </ClInclude>
    <ClInclude Include="Game\Events\Event.h">
      <Filter>Header Files</Filter>
    </ClInclude>
    <ClInclude Include="Networking\Client\Client.h">
      <Filter>Header Files</Filter>
    </ClInclude>
    <ClInclude Include="Networking\Client\ClientPeerlist.h">
      <Filter>Header Files</Filter>
    </ClInclude>
    <ClInclude Include="Networking\NetworkConstants.h">
      <Filter>Header Files</Filter>
    </ClInclude>
    <ClInclude Include="Networking\NetworkUser.h">
      <Filter>Header Files</Filter>
    </ClInclude>
    <ClInclude Include="Networking\Server\Server.h">
      <Filter>Header Files</Filter>
    </ClInclude>
    <ClInclude Include="Networking\Server\ServerPeerlist.h">
      <Filter>Header Files</Filter>
    </ClInclude>
    <ClInclude Include="Networking\User\UserData.h">
      <Filter>Header Files</Filter>
    </ClInclude>
    <ClInclude Include="Networking\Packet\Instances\ConnectionInitiation.h">
      <Filter>Header Files</Filter>
    </ClInclude>
    <ClInclude Include="Game\GameSettings.h">
      <Filter>Header Files</Filter>
    </ClInclude>
    <ClInclude Include="Game\Events\EventList.h">
      <Filter>Header Files</Filter>
    </ClInclude>
    <ClInclude Include="Networking\Packet\Instances\ConnectionRefusal.h">
      <Filter>Header Files</Filter>
    </ClInclude>
    <ClInclude Include="Networking\Packet\Instances\ConnectionConfirmation.h">
      <Filter>Header Files</Filter>
    </ClInclude>
    <ClInclude Include="Networking\Packet\Instances\DisconnectInfo.h">
      <Filter>Header Files</Filter>
    </ClInclude>
    <ClInclude Include="Networking\Packet\Instances\DisconnectKick.h">
      <Filter>Header Files</Filter>
    </ClInclude>
    <ClInclude Include="Networking\Packet\Instances\ServerDataUpdate.h">
      <Filter>Header Files</Filter>
    </ClInclude>
    <ClInclude Include="Networking\Server\OpenServer.h">
      <Filter>Header Files</Filter>
    </ClInclude>
    <ClInclude Include="Game\State\Instances\Lobby.h">
      <Filter>Header Files</Filter>
    </ClInclude>
    <ClInclude Include="Game\World\Entities\Player.h">
      <Filter>Header Files</Filter>
    </ClInclude>
    <ClInclude Include="Game\World\Assets\AssetMap.h">
      <Filter>Header Files</Filter>
    </ClInclude>
    <ClInclude Include="Game\State\Instances\World.h">
      <Filter>Header Files</Filter>
    </ClInclude>
    <ClInclude Include="Utils\Input.h">
      <Filter>Header Files</Filter>
    </ClInclude>
    <ClInclude Include="Networking\Packet\Instances\StateChange.h">
      <Filter>Header Files</Filter>
    </ClInclude>
    <ClInclude Include="Networking\Packet\Instances\GeneralInformationUpdate.h">
      <Filter>Header Files</Filter>
    </ClInclude>
    <ClInclude Include="Game\World\Entities\Object.h">
      <Filter>Header Files</Filter>
    </ClInclude>
    <ClInclude Include="Game\World\Entities\ObjectTransform.h">
      <Filter>Header Files</Filter>
    </ClInclude>
    <ClInclude Include="Utils\MathUtils.h">
      <Filter>Header Files</Filter>
    </ClInclude>
    <ClInclude Include="Game\World\Assets\AssetModel.h">
      <Filter>Header Files</Filter>
    </ClInclude>
    <ClInclude Include="Game\World\Assets\AssetImage.h">
      <Filter>Header Files</Filter>
    </ClInclude>
    <ClInclude Include="Game\World\Assets\AssetSound.h">
      <Filter>Header Files</Filter>
    </ClInclude>
    <ClInclude Include="Game\World\Assets\AssetImageModel.h">
      <Filter>Header Files</Filter>
    </ClInclude>
    <ClInclude Include="Networking\Packet\Instances\WorldSnapshot.h">
      <Filter>Header Files</Filter>
    </ClInclude>
    <ClInclude Include="Networking\Packet\Instances\PlayerInput.h">
      <Filter>Header Files</Filter>
    </ClInclude>
    <ClInclude Include="Game\World\Managers\ServerWorldManager.h">
      <Filter>Header Files</Filter>
    </ClInclude>
    <ClInclude Include="Game\World\Managers\ClientWorldManager.h">
      <Filter>Header Files</Filter>
    </ClInclude>
    <ClInclude Include="Game\World\Entities\EntityType.h">
      <Filter>Header Files</Filter>
    </ClInclude>
    <ClInclude Include="Networking\Packet\Instances\RequestWorldSnapshot.h">
      <Filter>Header Files</Filter>
    </ClInclude>
    <ClInclude Include="Game\World\Managers\PhysicsManager.h">
      <Filter>Header Files</Filter>
    </ClInclude>
    <ClInclude Include="Game\World\Entities\Enemy.h">
      <Filter>Header Files</Filter>
    </ClInclude>
    <ClInclude Include="Networking\Packet\Instances\Enemy\EnemyDestroy.h">
      <Filter>Header Files</Filter>
    </ClInclude>
    <ClInclude Include="Networking\Packet\Instances\Enemy\EnemySpawn.h">
      <Filter>Header Files</Filter>
    </ClInclude>
    <ClInclude Include="Networking\Packet\Instances\Enemy\EnemyUpdate.h">
      <Filter>Header Files</Filter>
    </ClInclude>
    <ClInclude Include="Networking\Packet\Instances\Object\ObjectDestroy.h">
      <Filter>Header Files</Filter>
    </ClInclude>
    <ClInclude Include="Networking\Packet\Instances\Object\ObjectSpawn.h">
      <Filter>Header Files</Filter>
    </ClInclude>
    <ClInclude Include="Networking\Packet\Instances\Player\PlayerAttack.h">
      <Filter>Header Files</Filter>
    </ClInclude>
    <ClInclude Include="Networking\Packet\Instances\Player\PlayerDestroy.h">
      <Filter>Header Files</Filter>
    </ClInclude>
    <ClInclude Include="Networking\Packet\Instances\Player\PlayerSpawn.h">
      <Filter>Header Files</Filter>
    </ClInclude>
    <ClInclude Include="Networking\Packet\Instances\Player\PlayerUpdate.h">
      <Filter>Header Files</Filter>
    </ClInclude>
    <ClInclude Include="Game\World\Entities\Item.h">
      <Filter>Header Files</Filter>
    </ClInclude>
    <ClInclude Include="Game\World\Entities\Inventory.h">
      <Filter>Header Files</Filter>
    </ClInclude>
    <ClInclude Include="Game\World\Systems\ItemGenerator.h">
      <Filter>Header Files</Filter>
    </ClInclude>
    <ClInclude Include="Networking\Packet\Instances\Item\ItemDiscard.h">
      <Filter>Header Files</Filter>
    </ClInclude>
    <ClInclude Include="Networking\Packet\Instances\Item\ItemPickup.h">
      <Filter>Header Files</Filter>
    </ClInclude>
    <ClInclude Include="Game\World\Systems\LevelGenerator.h">
      <Filter>Header Files</Filter>
    </ClInclude>
  </ItemGroup>
  <ItemGroup>
    <None Include="Docs\WorldSynchronization.md" />
    <None Include="Docs\WorldManagerArchitecture.md" />
    <None Include="Docs\InventoryItemSystemPlan.md" />
    <None Include="Assets\models\cube.glb" />
  </ItemGroup>
  <ItemGroup>
    <Image Include="Assets\images\zombie.png">
      <Filter>Resource Files</Filter>
    </Image>
    <Image Include="Assets\images\armour.png">
      <Filter>Resource Files</Filter>
    </Image>
    <Image Include="Assets\images\goldskeleton.png">
      <Filter>Resource Files</Filter>
    </Image>
    <Image Include="Assets\images\goldzombie.png">
      <Filter>Resource Files</Filter>
    </Image>
    <Image Include="Assets\images\skeleton.png">
      <Filter>Resource Files</Filter>
    </Image>
    <Image Include="Assets\images\sword.png">
      <Filter>Resource Files</Filter>
    </Image>
  </ItemGroup>
</Project>